{
    "_readme": [
        "This file locks the dependencies of your project to a known state",
        "Read more about it at http://getcomposer.org/doc/01-basic-usage.md#composer-lock-the-lock-file"
    ],
    "hash": "5cf3bca11530b61b436ecd0edf52f2d9",
    "packages": [
        {
            "name": "fabpot/sphinx-php",
            "version": "dev-master",
            "source": {
                "type": "git",
                "url": "https://github.com/fabpot/sphinx-php.git",
                "reference": "6fea4b1c996bbbe5993232c37425222145de5380"
            },
            "dist": {
                "type": "zip",
                "url": "https://api.github.com/repos/fabpot/sphinx-php/zipball/6fea4b1c996bbbe5993232c37425222145de5380",
                "reference": "6fea4b1c996bbbe5993232c37425222145de5380",
                "shasum": ""
            },
            "type": "library",
            "notification-url": "https://packagist.org/downloads/",
            "authors": [
                {
                    "name": "Fabien Potencier",
                    "email": "fabien@symfony.com"
                }
            ],
            "description": "Extension of Sphinx for PHP projects",
            "time": "2013-09-27 21:01:01"
        }
    ],
    "packages-dev": [

    ],
    "aliases": [

    ],
    "minimum-stability": "dev",
    "stability-flags": [

    ],
    "platform": [

    ],
    "platform-dev": [

    ]
}
